// !$*UTF8*$!
{
	archiveVersion = 1;
	classes = {
	};
	objectVersion = 56;
	objects = {

/* Begin PBXBuildFile section */
		34D8C7EC297A02690034C539 /* Employees.swift in Sources */ = {isa = PBXBuildFile; fileRef = 34D8C7EB297A02690034C539 /* Employees.swift */; };
		34F1F1412978AA7400883B1D /* AppDelegate.swift in Sources */ = {isa = PBXBuildFile; fileRef = 34F1F1402978AA7400883B1D /* AppDelegate.swift */; };
		34F1F1432978AA7400883B1D /* SceneDelegate.swift in Sources */ = {isa = PBXBuildFile; fileRef = 34F1F1422978AA7400883B1D /* SceneDelegate.swift */; };
		34F1F14A2978AA7500883B1D /* Assets.xcassets in Resources */ = {isa = PBXBuildFile; fileRef = 34F1F1492978AA7500883B1D /* Assets.xcassets */; };
		34F1F14D2978AA7500883B1D /* LaunchScreen.storyboard in Resources */ = {isa = PBXBuildFile; fileRef = 34F1F14B2978AA7500883B1D /* LaunchScreen.storyboard */; };
		34F1F1582978AA7600883B1D /* EmployeeDirectoryTests.swift in Sources */ = {isa = PBXBuildFile; fileRef = 34F1F1572978AA7600883B1D /* EmployeeDirectoryTests.swift */; };
		34F1F1622978AA7600883B1D /* EmployeeDirectoryUITests.swift in Sources */ = {isa = PBXBuildFile; fileRef = 34F1F1612978AA7600883B1D /* EmployeeDirectoryUITests.swift */; };
		34F1F1642978AA7600883B1D /* EmployeeDirectoryUITestsLaunchTests.swift in Sources */ = {isa = PBXBuildFile; fileRef = 34F1F1632978AA7600883B1D /* EmployeeDirectoryUITestsLaunchTests.swift */; };
		34F1F1722978AAC500883B1D /* EmployeesViewController.swift in Sources */ = {isa = PBXBuildFile; fileRef = 34F1F1712978AAC500883B1D /* EmployeesViewController.swift */; };
		34F1F1742978AB0B00883B1D /* EmployeesInteractor.swift in Sources */ = {isa = PBXBuildFile; fileRef = 34F1F1732978AB0B00883B1D /* EmployeesInteractor.swift */; };
		34F1F1762978AB7B00883B1D /* EmployeesPresenter.swift in Sources */ = {isa = PBXBuildFile; fileRef = 34F1F1752978AB7B00883B1D /* EmployeesPresenter.swift */; };
		34F1F1782978ABE200883B1D /* EmployeesBuilder.swift in Sources */ = {isa = PBXBuildFile; fileRef = 34F1F1772978ABE200883B1D /* EmployeesBuilder.swift */; };
		34F1F17A2978AC3700883B1D /* EmployeesService.swift in Sources */ = {isa = PBXBuildFile; fileRef = 34F1F1792978AC3700883B1D /* EmployeesService.swift */; };
/* End PBXBuildFile section */

/* Begin PBXContainerItemProxy section */
		34F1F1542978AA7600883B1D /* PBXContainerItemProxy */ = {
			isa = PBXContainerItemProxy;
			containerPortal = 34F1F1352978AA7400883B1D /* Project object */;
			proxyType = 1;
			remoteGlobalIDString = 34F1F13C2978AA7400883B1D;
			remoteInfo = EmployeeDirectory;
		};
		34F1F15E2978AA7600883B1D /* PBXContainerItemProxy */ = {
			isa = PBXContainerItemProxy;
			containerPortal = 34F1F1352978AA7400883B1D /* Project object */;
			proxyType = 1;
			remoteGlobalIDString = 34F1F13C2978AA7400883B1D;
			remoteInfo = EmployeeDirectory;
		};
/* End PBXContainerItemProxy section */

/* Begin PBXFileReference section */
		34D8C7EB297A02690034C539 /* Employees.swift */ = {isa = PBXFileReference; lastKnownFileType = sourcecode.swift; path = Employees.swift; sourceTree = "<group>"; };
		34F1F13D2978AA7400883B1D /* EmployeeDirectory.app */ = {isa = PBXFileReference; explicitFileType = wrapper.application; includeInIndex = 0; path = EmployeeDirectory.app; sourceTree = BUILT_PRODUCTS_DIR; };
		34F1F1402978AA7400883B1D /* AppDelegate.swift */ = {isa = PBXFileReference; lastKnownFileType = sourcecode.swift; path = AppDelegate.swift; sourceTree = "<group>"; };
		34F1F1422978AA7400883B1D /* SceneDelegate.swift */ = {isa = PBXFileReference; lastKnownFileType = sourcecode.swift; path = SceneDelegate.swift; sourceTree = "<group>"; };
		34F1F1492978AA7500883B1D /* Assets.xcassets */ = {isa = PBXFileReference; lastKnownFileType = folder.assetcatalog; path = Assets.xcassets; sourceTree = "<group>"; };
		34F1F14C2978AA7500883B1D /* Base */ = {isa = PBXFileReference; lastKnownFileType = file.storyboard; name = Base; path = Base.lproj/LaunchScreen.storyboard; sourceTree = "<group>"; };
		34F1F14E2978AA7500883B1D /* Info.plist */ = {isa = PBXFileReference; lastKnownFileType = text.plist.xml; path = Info.plist; sourceTree = "<group>"; };
		34F1F1532978AA7600883B1D /* EmployeeDirectoryTests.xctest */ = {isa = PBXFileReference; explicitFileType = wrapper.cfbundle; includeInIndex = 0; path = EmployeeDirectoryTests.xctest; sourceTree = BUILT_PRODUCTS_DIR; };
		34F1F1572978AA7600883B1D /* EmployeeDirectoryTests.swift */ = {isa = PBXFileReference; lastKnownFileType = sourcecode.swift; path = EmployeeDirectoryTests.swift; sourceTree = "<group>"; };
		34F1F15D2978AA7600883B1D /* EmployeeDirectoryUITests.xctest */ = {isa = PBXFileReference; explicitFileType = wrapper.cfbundle; includeInIndex = 0; path = EmployeeDirectoryUITests.xctest; sourceTree = BUILT_PRODUCTS_DIR; };
		34F1F1612978AA7600883B1D /* EmployeeDirectoryUITests.swift */ = {isa = PBXFileReference; lastKnownFileType = sourcecode.swift; path = EmployeeDirectoryUITests.swift; sourceTree = "<group>"; };
		34F1F1632978AA7600883B1D /* EmployeeDirectoryUITestsLaunchTests.swift */ = {isa = PBXFileReference; lastKnownFileType = sourcecode.swift; path = EmployeeDirectoryUITestsLaunchTests.swift; sourceTree = "<group>"; };
		34F1F1712978AAC500883B1D /* EmployeesViewController.swift */ = {isa = PBXFileReference; lastKnownFileType = sourcecode.swift; path = EmployeesViewController.swift; sourceTree = "<group>"; };
		34F1F1732978AB0B00883B1D /* EmployeesInteractor.swift */ = {isa = PBXFileReference; lastKnownFileType = sourcecode.swift; path = EmployeesInteractor.swift; sourceTree = "<group>"; };
		34F1F1752978AB7B00883B1D /* EmployeesPresenter.swift */ = {isa = PBXFileReference; lastKnownFileType = sourcecode.swift; path = EmployeesPresenter.swift; sourceTree = "<group>"; };
		34F1F1772978ABE200883B1D /* EmployeesBuilder.swift */ = {isa = PBXFileReference; lastKnownFileType = sourcecode.swift; path = EmployeesBuilder.swift; sourceTree = "<group>"; };
		34F1F1792978AC3700883B1D /* EmployeesService.swift */ = {isa = PBXFileReference; lastKnownFileType = sourcecode.swift; path = EmployeesService.swift; sourceTree = "<group>"; };
/* End PBXFileReference section */

/* Begin PBXFrameworksBuildPhase section */
		34F1F13A2978AA7400883B1D /* Frameworks */ = {
			isa = PBXFrameworksBuildPhase;
			buildActionMask = 2147483647;
			files = (
			);
			runOnlyForDeploymentPostprocessing = 0;
		};
		34F1F1502978AA7600883B1D /* Frameworks */ = {
			isa = PBXFrameworksBuildPhase;
			buildActionMask = 2147483647;
			files = (
			);
			runOnlyForDeploymentPostprocessing = 0;
		};
		34F1F15A2978AA7600883B1D /* Frameworks */ = {
			isa = PBXFrameworksBuildPhase;
			buildActionMask = 2147483647;
			files = (
			);
			runOnlyForDeploymentPostprocessing = 0;
		};
/* End PBXFrameworksBuildPhase section */

/* Begin PBXGroup section */
		34D8C7E92979FFEF0034C539 /* Views */ = {
			isa = PBXGroup;
			children = (
			);
			path = Views;
			sourceTree = "<group>";
		};
		34D8C7EA2979FFF90034C539 /* Models */ = {
			isa = PBXGroup;
			children = (
				34D8C7EB297A02690034C539 /* Employees.swift */,
			);
			path = Models;
			sourceTree = "<group>";
		};
		34F1F1342978AA7400883B1D = {
			isa = PBXGroup;
			children = (
				34F1F13F2978AA7400883B1D /* EmployeeDirectory */,
				34F1F1562978AA7600883B1D /* EmployeeDirectoryTests */,
				34F1F1602978AA7600883B1D /* EmployeeDirectoryUITests */,
				34F1F13E2978AA7400883B1D /* Products */,
			);
			sourceTree = "<group>";
		};
		34F1F13E2978AA7400883B1D /* Products */ = {
			isa = PBXGroup;
			children = (
				34F1F13D2978AA7400883B1D /* EmployeeDirectory.app */,
				34F1F1532978AA7600883B1D /* EmployeeDirectoryTests.xctest */,
				34F1F15D2978AA7600883B1D /* EmployeeDirectoryUITests.xctest */,
			);
			name = Products;
			sourceTree = "<group>";
		};
		34F1F13F2978AA7400883B1D /* EmployeeDirectory */ = {
			isa = PBXGroup;
			children = (
				34F1F1702978AA9C00883B1D /* Employees */,
				34F1F1402978AA7400883B1D /* AppDelegate.swift */,
				34F1F1422978AA7400883B1D /* SceneDelegate.swift */,
				34F1F1492978AA7500883B1D /* Assets.xcassets */,
				34F1F14B2978AA7500883B1D /* LaunchScreen.storyboard */,
				34F1F14E2978AA7500883B1D /* Info.plist */,
			);
			path = EmployeeDirectory;
			sourceTree = "<group>";
		};
		34F1F1562978AA7600883B1D /* EmployeeDirectoryTests */ = {
			isa = PBXGroup;
			children = (
				34F1F1572978AA7600883B1D /* EmployeeDirectoryTests.swift */,
			);
			path = EmployeeDirectoryTests;
			sourceTree = "<group>";
		};
		34F1F1602978AA7600883B1D /* EmployeeDirectoryUITests */ = {
			isa = PBXGroup;
			children = (
				34F1F1612978AA7600883B1D /* EmployeeDirectoryUITests.swift */,
				34F1F1632978AA7600883B1D /* EmployeeDirectoryUITestsLaunchTests.swift */,
			);
			path = EmployeeDirectoryUITests;
			sourceTree = "<group>";
		};
		34F1F1702978AA9C00883B1D /* Employees */ = {
			isa = PBXGroup;
			children = (
				34D8C7EA2979FFF90034C539 /* Models */,
				34D8C7E92979FFEF0034C539 /* Views */,
				34F1F1712978AAC500883B1D /* EmployeesViewController.swift */,
				34F1F1732978AB0B00883B1D /* EmployeesInteractor.swift */,
				34F1F1752978AB7B00883B1D /* EmployeesPresenter.swift */,
				34F1F1792978AC3700883B1D /* EmployeesService.swift */,
				34F1F1772978ABE200883B1D /* EmployeesBuilder.swift */,
			);
			path = Employees;
			sourceTree = "<group>";
		};
/* End PBXGroup section */

/* Begin PBXNativeTarget section */
		34F1F13C2978AA7400883B1D /* EmployeeDirectory */ = {
			isa = PBXNativeTarget;
			buildConfigurationList = 34F1F1672978AA7600883B1D /* Build configuration list for PBXNativeTarget "EmployeeDirectory" */;
			buildPhases = (
				34F1F1392978AA7400883B1D /* Sources */,
				34F1F13A2978AA7400883B1D /* Frameworks */,
				34F1F13B2978AA7400883B1D /* Resources */,
			);
			buildRules = (
			);
			dependencies = (
			);
			name = EmployeeDirectory;
			productName = EmployeeDirectory;
			productReference = 34F1F13D2978AA7400883B1D /* EmployeeDirectory.app */;
			productType = "com.apple.product-type.application";
		};
		34F1F1522978AA7600883B1D /* EmployeeDirectoryTests */ = {
			isa = PBXNativeTarget;
			buildConfigurationList = 34F1F16A2978AA7600883B1D /* Build configuration list for PBXNativeTarget "EmployeeDirectoryTests" */;
			buildPhases = (
				34F1F14F2978AA7600883B1D /* Sources */,
				34F1F1502978AA7600883B1D /* Frameworks */,
				34F1F1512978AA7600883B1D /* Resources */,
			);
			buildRules = (
			);
			dependencies = (
				34F1F1552978AA7600883B1D /* PBXTargetDependency */,
			);
			name = EmployeeDirectoryTests;
			productName = EmployeeDirectoryTests;
			productReference = 34F1F1532978AA7600883B1D /* EmployeeDirectoryTests.xctest */;
			productType = "com.apple.product-type.bundle.unit-test";
		};
		34F1F15C2978AA7600883B1D /* EmployeeDirectoryUITests */ = {
			isa = PBXNativeTarget;
			buildConfigurationList = 34F1F16D2978AA7600883B1D /* Build configuration list for PBXNativeTarget "EmployeeDirectoryUITests" */;
			buildPhases = (
				34F1F1592978AA7600883B1D /* Sources */,
				34F1F15A2978AA7600883B1D /* Frameworks */,
				34F1F15B2978AA7600883B1D /* Resources */,
			);
			buildRules = (
			);
			dependencies = (
				34F1F15F2978AA7600883B1D /* PBXTargetDependency */,
			);
			name = EmployeeDirectoryUITests;
			productName = EmployeeDirectoryUITests;
			productReference = 34F1F15D2978AA7600883B1D /* EmployeeDirectoryUITests.xctest */;
			productType = "com.apple.product-type.bundle.ui-testing";
		};
/* End PBXNativeTarget section */

/* Begin PBXProject section */
		34F1F1352978AA7400883B1D /* Project object */ = {
			isa = PBXProject;
			attributes = {
				BuildIndependentTargetsInParallel = 1;
				LastSwiftUpdateCheck = 1420;
				LastUpgradeCheck = 1420;
				TargetAttributes = {
					34F1F13C2978AA7400883B1D = {
						CreatedOnToolsVersion = 14.2;
					};
					34F1F1522978AA7600883B1D = {
						CreatedOnToolsVersion = 14.2;
						TestTargetID = 34F1F13C2978AA7400883B1D;
					};
					34F1F15C2978AA7600883B1D = {
						CreatedOnToolsVersion = 14.2;
						TestTargetID = 34F1F13C2978AA7400883B1D;
					};
				};
			};
			buildConfigurationList = 34F1F1382978AA7400883B1D /* Build configuration list for PBXProject "EmployeeDirectory" */;
			compatibilityVersion = "Xcode 14.0";
			developmentRegion = en;
			hasScannedForEncodings = 0;
			knownRegions = (
				en,
				Base,
			);
			mainGroup = 34F1F1342978AA7400883B1D;
			productRefGroup = 34F1F13E2978AA7400883B1D /* Products */;
			projectDirPath = "";
			projectRoot = "";
			targets = (
				34F1F13C2978AA7400883B1D /* EmployeeDirectory */,
				34F1F1522978AA7600883B1D /* EmployeeDirectoryTests */,
				34F1F15C2978AA7600883B1D /* EmployeeDirectoryUITests */,
			);
		};
/* End PBXProject section */

/* Begin PBXResourcesBuildPhase section */
		34F1F13B2978AA7400883B1D /* Resources */ = {
			isa = PBXResourcesBuildPhase;
			buildActionMask = 2147483647;
			files = (
				34F1F14D2978AA7500883B1D /* LaunchScreen.storyboard in Resources */,
				34F1F14A2978AA7500883B1D /* Assets.xcassets in Resources */,
			);
			runOnlyForDeploymentPostprocessing = 0;
		};
		34F1F1512978AA7600883B1D /* Resources */ = {
			isa = PBXResourcesBuildPhase;
			buildActionMask = 2147483647;
			files = (
			);
			runOnlyForDeploymentPostprocessing = 0;
		};
		34F1F15B2978AA7600883B1D /* Resources */ = {
			isa = PBXResourcesBuildPhase;
			buildActionMask = 2147483647;
			files = (
			);
			runOnlyForDeploymentPostprocessing = 0;
		};
/* End PBXResourcesBuildPhase section */

/* Begin PBXSourcesBuildPhase section */
		34F1F1392978AA7400883B1D /* Sources */ = {
			isa = PBXSourcesBuildPhase;
			buildActionMask = 2147483647;
			files = (
				34F1F1762978AB7B00883B1D /* EmployeesPresenter.swift in Sources */,
				34F1F1412978AA7400883B1D /* AppDelegate.swift in Sources */,
				34F1F1722978AAC500883B1D /* EmployeesViewController.swift in Sources */,
				34D8C7EC297A02690034C539 /* Employees.swift in Sources */,
				34F1F1432978AA7400883B1D /* SceneDelegate.swift in Sources */,
				34F1F17A2978AC3700883B1D /* EmployeesService.swift in Sources */,
				34F1F1742978AB0B00883B1D /* EmployeesInteractor.swift in Sources */,
				34F1F1782978ABE200883B1D /* EmployeesBuilder.swift in Sources */,
			);
			runOnlyForDeploymentPostprocessing = 0;
		};
		34F1F14F2978AA7600883B1D /* Sources */ = {
			isa = PBXSourcesBuildPhase;
			buildActionMask = 2147483647;
			files = (
				34F1F1582978AA7600883B1D /* EmployeeDirectoryTests.swift in Sources */,
			);
			runOnlyForDeploymentPostprocessing = 0;
		};
		34F1F1592978AA7600883B1D /* Sources */ = {
			isa = PBXSourcesBuildPhase;
			buildActionMask = 2147483647;
			files = (
				34F1F1642978AA7600883B1D /* EmployeeDirectoryUITestsLaunchTests.swift in Sources */,
				34F1F1622978AA7600883B1D /* EmployeeDirectoryUITests.swift in Sources */,
			);
			runOnlyForDeploymentPostprocessing = 0;
		};
/* End PBXSourcesBuildPhase section */

/* Begin PBXTargetDependency section */
		34F1F1552978AA7600883B1D /* PBXTargetDependency */ = {
			isa = PBXTargetDependency;
			target = 34F1F13C2978AA7400883B1D /* EmployeeDirectory */;
			targetProxy = 34F1F1542978AA7600883B1D /* PBXContainerItemProxy */;
		};
		34F1F15F2978AA7600883B1D /* PBXTargetDependency */ = {
			isa = PBXTargetDependency;
			target = 34F1F13C2978AA7400883B1D /* EmployeeDirectory */;
			targetProxy = 34F1F15E2978AA7600883B1D /* PBXContainerItemProxy */;
		};
/* End PBXTargetDependency section */

/* Begin PBXVariantGroup section */
		34F1F14B2978AA7500883B1D /* LaunchScreen.storyboard */ = {
			isa = PBXVariantGroup;
			children = (
				34F1F14C2978AA7500883B1D /* Base */,
			);
			name = LaunchScreen.storyboard;
			sourceTree = "<group>";
		};
/* End PBXVariantGroup section */

/* Begin XCBuildConfiguration section */
		34F1F1652978AA7600883B1D /* Debug */ = {
			isa = XCBuildConfiguration;
			buildSettings = {
				ALWAYS_SEARCH_USER_PATHS = NO;
				CLANG_ANALYZER_NONNULL = YES;
				CLANG_ANALYZER_NUMBER_OBJECT_CONVERSION = YES_AGGRESSIVE;
				CLANG_CXX_LANGUAGE_STANDARD = "gnu++20";
				CLANG_ENABLE_MODULES = YES;
				CLANG_ENABLE_OBJC_ARC = YES;
				CLANG_ENABLE_OBJC_WEAK = YES;
				CLANG_WARN_BLOCK_CAPTURE_AUTORELEASING = YES;
				CLANG_WARN_BOOL_CONVERSION = YES;
				CLANG_WARN_COMMA = YES;
				CLANG_WARN_CONSTANT_CONVERSION = YES;
				CLANG_WARN_DEPRECATED_OBJC_IMPLEMENTATIONS = YES;
				CLANG_WARN_DIRECT_OBJC_ISA_USAGE = YES_ERROR;
				CLANG_WARN_DOCUMENTATION_COMMENTS = YES;
				CLANG_WARN_EMPTY_BODY = YES;
				CLANG_WARN_ENUM_CONVERSION = YES;
				CLANG_WARN_INFINITE_RECURSION = YES;
				CLANG_WARN_INT_CONVERSION = YES;
				CLANG_WARN_NON_LITERAL_NULL_CONVERSION = YES;
				CLANG_WARN_OBJC_IMPLICIT_RETAIN_SELF = YES;
				CLANG_WARN_OBJC_LITERAL_CONVERSION = YES;
				CLANG_WARN_OBJC_ROOT_CLASS = YES_ERROR;
				CLANG_WARN_QUOTED_INCLUDE_IN_FRAMEWORK_HEADER = YES;
				CLANG_WARN_RANGE_LOOP_ANALYSIS = YES;
				CLANG_WARN_STRICT_PROTOTYPES = YES;
				CLANG_WARN_SUSPICIOUS_MOVE = YES;
				CLANG_WARN_UNGUARDED_AVAILABILITY = YES_AGGRESSIVE;
				CLANG_WARN_UNREACHABLE_CODE = YES;
				CLANG_WARN__DUPLICATE_METHOD_MATCH = YES;
				COPY_PHASE_STRIP = NO;
				DEBUG_INFORMATION_FORMAT = dwarf;
				ENABLE_STRICT_OBJC_MSGSEND = YES;
				ENABLE_TESTABILITY = YES;
				GCC_C_LANGUAGE_STANDARD = gnu11;
				GCC_DYNAMIC_NO_PIC = NO;
				GCC_NO_COMMON_BLOCKS = YES;
				GCC_OPTIMIZATION_LEVEL = 0;
				GCC_PREPROCESSOR_DEFINITIONS = (
					"DEBUG=1",
					"$(inherited)",
				);
				GCC_WARN_64_TO_32_BIT_CONVERSION = YES;
				GCC_WARN_ABOUT_RETURN_TYPE = YES_ERROR;
				GCC_WARN_UNDECLARED_SELECTOR = YES;
				GCC_WARN_UNINITIALIZED_AUTOS = YES_AGGRESSIVE;
				GCC_WARN_UNUSED_FUNCTION = YES;
				GCC_WARN_UNUSED_VARIABLE = YES;
				IPHONEOS_DEPLOYMENT_TARGET = 16.2;
				MTL_ENABLE_DEBUG_INFO = INCLUDE_SOURCE;
				MTL_FAST_MATH = YES;
				ONLY_ACTIVE_ARCH = YES;
				SDKROOT = iphoneos;
				SWIFT_ACTIVE_COMPILATION_CONDITIONS = DEBUG;
				SWIFT_OPTIMIZATION_LEVEL = "-Onone";
			};
			name = Debug;
		};
		34F1F1662978AA7600883B1D /* Release */ = {
			isa = XCBuildConfiguration;
			buildSettings = {
				ALWAYS_SEARCH_USER_PATHS = NO;
				CLANG_ANALYZER_NONNULL = YES;
				CLANG_ANALYZER_NUMBER_OBJECT_CONVERSION = YES_AGGRESSIVE;
				CLANG_CXX_LANGUAGE_STANDARD = "gnu++20";
				CLANG_ENABLE_MODULES = YES;
				CLANG_ENABLE_OBJC_ARC = YES;
				CLANG_ENABLE_OBJC_WEAK = YES;
				CLANG_WARN_BLOCK_CAPTURE_AUTORELEASING = YES;
				CLANG_WARN_BOOL_CONVERSION = YES;
				CLANG_WARN_COMMA = YES;
				CLANG_WARN_CONSTANT_CONVERSION = YES;
				CLANG_WARN_DEPRECATED_OBJC_IMPLEMENTATIONS = YES;
				CLANG_WARN_DIRECT_OBJC_ISA_USAGE = YES_ERROR;
				CLANG_WARN_DOCUMENTATION_COMMENTS = YES;
				CLANG_WARN_EMPTY_BODY = YES;
				CLANG_WARN_ENUM_CONVERSION = YES;
				CLANG_WARN_INFINITE_RECURSION = YES;
				CLANG_WARN_INT_CONVERSION = YES;
				CLANG_WARN_NON_LITERAL_NULL_CONVERSION = YES;
				CLANG_WARN_OBJC_IMPLICIT_RETAIN_SELF = YES;
				CLANG_WARN_OBJC_LITERAL_CONVERSION = YES;
				CLANG_WARN_OBJC_ROOT_CLASS = YES_ERROR;
				CLANG_WARN_QUOTED_INCLUDE_IN_FRAMEWORK_HEADER = YES;
				CLANG_WARN_RANGE_LOOP_ANALYSIS = YES;
				CLANG_WARN_STRICT_PROTOTYPES = YES;
				CLANG_WARN_SUSPICIOUS_MOVE = YES;
				CLANG_WARN_UNGUARDED_AVAILABILITY = YES_AGGRESSIVE;
				CLANG_WARN_UNREACHABLE_CODE = YES;
				CLANG_WARN__DUPLICATE_METHOD_MATCH = YES;
				COPY_PHASE_STRIP = NO;
				DEBUG_INFORMATION_FORMAT = "dwarf-with-dsym";
				ENABLE_NS_ASSERTIONS = NO;
				ENABLE_STRICT_OBJC_MSGSEND = YES;
				GCC_C_LANGUAGE_STANDARD = gnu11;
				GCC_NO_COMMON_BLOCKS = YES;
				GCC_WARN_64_TO_32_BIT_CONVERSION = YES;
				GCC_WARN_ABOUT_RETURN_TYPE = YES_ERROR;
				GCC_WARN_UNDECLARED_SELECTOR = YES;
				GCC_WARN_UNINITIALIZED_AUTOS = YES_AGGRESSIVE;
				GCC_WARN_UNUSED_FUNCTION = YES;
				GCC_WARN_UNUSED_VARIABLE = YES;
				IPHONEOS_DEPLOYMENT_TARGET = 16.2;
				MTL_ENABLE_DEBUG_INFO = NO;
				MTL_FAST_MATH = YES;
				SDKROOT = iphoneos;
				SWIFT_COMPILATION_MODE = wholemodule;
				SWIFT_OPTIMIZATION_LEVEL = "-O";
				VALIDATE_PRODUCT = YES;
			};
			name = Release;
		};
		34F1F1682978AA7600883B1D /* Debug */ = {
			isa = XCBuildConfiguration;
			buildSettings = {
				ASSETCATALOG_COMPILER_APPICON_NAME = AppIcon;
				ASSETCATALOG_COMPILER_GLOBAL_ACCENT_COLOR_NAME = AccentColor;
				CODE_SIGN_STYLE = Automatic;
				CURRENT_PROJECT_VERSION = 1;
				GENERATE_INFOPLIST_FILE = YES;
				INFOPLIST_FILE = EmployeeDirectory/Info.plist;
				INFOPLIST_KEY_UIApplicationSupportsIndirectInputEvents = YES;
				INFOPLIST_KEY_UILaunchStoryboardName = LaunchScreen;
				INFOPLIST_KEY_UISupportedInterfaceOrientations_iPad = "UIInterfaceOrientationPortrait UIInterfaceOrientationPortraitUpsideDown UIInterfaceOrientationLandscapeLeft UIInterfaceOrientationLandscapeRight";
				INFOPLIST_KEY_UISupportedInterfaceOrientations_iPhone = "UIInterfaceOrientationPortrait UIInterfaceOrientationLandscapeLeft UIInterfaceOrientationLandscapeRight";
				IPHONEOS_DEPLOYMENT_TARGET = 14.0;
				LD_RUNPATH_SEARCH_PATHS = (
					"$(inherited)",
					"@executable_path/Frameworks",
				);
				MARKETING_VERSION = 1.0;
				PRODUCT_BUNDLE_IDENTIFIER = edu.EmployeeDirectory;
				PRODUCT_NAME = "$(TARGET_NAME)";
				SUPPORTED_PLATFORMS = "iphoneos iphonesimulator";
				SUPPORTS_MACCATALYST = NO;
				SUPPORTS_MAC_DESIGNED_FOR_IPHONE_IPAD = NO;
				SWIFT_EMIT_LOC_STRINGS = YES;
				SWIFT_VERSION = 5.0;
				TARGETED_DEVICE_FAMILY = 1;
			};
			name = Debug;
		};
		34F1F1692978AA7600883B1D /* Release */ = {
			isa = XCBuildConfiguration;
			buildSettings = {
				ASSETCATALOG_COMPILER_APPICON_NAME = AppIcon;
				ASSETCATALOG_COMPILER_GLOBAL_ACCENT_COLOR_NAME = AccentColor;
				CODE_SIGN_STYLE = Automatic;
				CURRENT_PROJECT_VERSION = 1;
				GENERATE_INFOPLIST_FILE = YES;
				INFOPLIST_FILE = EmployeeDirectory/Info.plist;
				INFOPLIST_KEY_UIApplicationSupportsIndirectInputEvents = YES;
				INFOPLIST_KEY_UILaunchStoryboardName = LaunchScreen;
				INFOPLIST_KEY_UISupportedInterfaceOrientations_iPad = "UIInterfaceOrientationPortrait UIInterfaceOrientationPortraitUpsideDown UIInterfaceOrientationLandscapeLeft UIInterfaceOrientationLandscapeRight";
				INFOPLIST_KEY_UISupportedInterfaceOrientations_iPhone = "UIInterfaceOrientationPortrait UIInterfaceOrientationLandscapeLeft UIInterfaceOrientationLandscapeRight";
				IPHONEOS_DEPLOYMENT_TARGET = 14.0;
				LD_RUNPATH_SEARCH_PATHS = (
					"$(inherited)",
					"@executable_path/Frameworks",
				);
				MARKETING_VERSION = 1.0;
				PRODUCT_BUNDLE_IDENTIFIER = edu.EmployeeDirectory;
				PRODUCT_NAME = "$(TARGET_NAME)";
				SUPPORTED_PLATFORMS = "iphoneos iphonesimulator";
				SUPPORTS_MACCATALYST = NO;
				SUPPORTS_MAC_DESIGNED_FOR_IPHONE_IPAD = NO;
				SWIFT_EMIT_LOC_STRINGS = YES;
				SWIFT_VERSION = 5.0;
				TARGETED_DEVICE_FAMILY = 1;
			};
			name = Release;
		};
		34F1F16B2978AA7600883B1D /* Debug */ = {
			isa = XCBuildConfiguration;
			buildSettings = {
				ALWAYS_EMBED_SWIFT_STANDARD_LIBRARIES = YES;
				BUNDLE_LOADER = "$(TEST_HOST)";
				CODE_SIGN_STYLE = Automatic;
				CURRENT_PROJECT_VERSION = 1;
				GENERATE_INFOPLIST_FILE = YES;
				IPHONEOS_DEPLOYMENT_TARGET = 16.2;
				MARKETING_VERSION = 1.0;
				PRODUCT_BUNDLE_IDENTIFIER = edu.EmployeeDirectoryTests;
				PRODUCT_NAME = "$(TARGET_NAME)";
				SWIFT_EMIT_LOC_STRINGS = NO;
				SWIFT_VERSION = 5.0;
				TARGETED_DEVICE_FAMILY = "1,2";
				TEST_HOST = "$(BUILT_PRODUCTS_DIR)/EmployeeDirectory.app/$(BUNDLE_EXECUTABLE_FOLDER_PATH)/EmployeeDirectory";
			};
			name = Debug;
		};
		34F1F16C2978AA7600883B1D /* Release */ = {
			isa = XCBuildConfiguration;
			buildSettings = {
				ALWAYS_EMBED_SWIFT_STANDARD_LIBRARIES = YES;
				BUNDLE_LOADER = "$(TEST_HOST)";
				CODE_SIGN_STYLE = Automatic;
				CURRENT_PROJECT_VERSION = 1;
				GENERATE_INFOPLIST_FILE = YES;
				IPHONEOS_DEPLOYMENT_TARGET = 16.2;
				MARKETING_VERSION = 1.0;
				PRODUCT_BUNDLE_IDENTIFIER = edu.EmployeeDirectoryTests;
				PRODUCT_NAME = "$(TARGET_NAME)";
				SWIFT_EMIT_LOC_STRINGS = NO;
				SWIFT_VERSION = 5.0;
				TARGETED_DEVICE_FAMILY = "1,2";
				TEST_HOST = "$(BUILT_PRODUCTS_DIR)/EmployeeDirectory.app/$(BUNDLE_EXECUTABLE_FOLDER_PATH)/EmployeeDirectory";
			};
			name = Release;
		};
		34F1F16E2978AA7600883B1D /* Debug */ = {
			isa = XCBuildConfiguration;
			buildSettings = {
				ALWAYS_EMBED_SWIFT_STANDARD_LIBRARIES = YES;
				CODE_SIGN_STYLE = Automatic;
				CURRENT_PROJECT_VERSION = 1;
				GENERATE_INFOPLIST_FILE = YES;
				MARKETING_VERSION = 1.0;
				PRODUCT_BUNDLE_IDENTIFIER = edu.EmployeeDirectoryUITests;
				PRODUCT_NAME = "$(TARGET_NAME)";
				SWIFT_EMIT_LOC_STRINGS = NO;
				SWIFT_VERSION = 5.0;
				TARGETED_DEVICE_FAMILY = "1,2";
				TEST_TARGET_NAME = EmployeeDirectory;
			};
			name = Debug;
		};
		34F1F16F2978AA7600883B1D /* Release */ = {
			isa = XCBuildConfiguration;
			buildSettings = {
				ALWAYS_EMBED_SWIFT_STANDARD_LIBRARIES = YES;
				CODE_SIGN_STYLE = Automatic;
				CURRENT_PROJECT_VERSION = 1;
				GENERATE_INFOPLIST_FILE = YES;
				MARKETING_VERSION = 1.0;
				PRODUCT_BUNDLE_IDENTIFIER = edu.EmployeeDirectoryUITests;
				PRODUCT_NAME = "$(TARGET_NAME)";
				SWIFT_EMIT_LOC_STRINGS = NO;
				SWIFT_VERSION = 5.0;
				TARGETED_DEVICE_FAMILY = "1,2";
				TEST_TARGET_NAME = EmployeeDirectory;
			};
			name = Release;
		};
/* End XCBuildConfiguration section */

/* Begin XCConfigurationList section */
		34F1F1382978AA7400883B1D /* Build configuration list for PBXProject "EmployeeDirectory" */ = {
			isa = XCConfigurationList;
			buildConfigurations = (
				34F1F1652978AA7600883B1D /* Debug */,
				34F1F1662978AA7600883B1D /* Release */,
			);
			defaultConfigurationIsVisible = 0;
			defaultConfigurationName = Release;
		};
		34F1F1672978AA7600883B1D /* Build configuration list for PBXNativeTarget "EmployeeDirectory" */ = {
			isa = XCConfigurationList;
			buildConfigurations = (
				34F1F1682978AA7600883B1D /* Debug */,
				34F1F1692978AA7600883B1D /* Release */,
			);
			defaultConfigurationIsVisible = 0;
			defaultConfigurationName = Release;
		};
		34F1F16A2978AA7600883B1D /* Build configuration list for PBXNativeTarget "EmployeeDirectoryTests" */ = {
			isa = XCConfigurationList;
			buildConfigurations = (
				34F1F16B2978AA7600883B1D /* Debug */,
				34F1F16C2978AA7600883B1D /* Release */,
			);
			defaultConfigurationIsVisible = 0;
			defaultConfigurationName = Release;
		};
		34F1F16D2978AA7600883B1D /* Build configuration list for PBXNativeTarget "EmployeeDirectoryUITests" */ = {
			isa = XCConfigurationList;
			buildConfigurations = (
				34F1F16E2978AA7600883B1D /* Debug */,
				34F1F16F2978AA7600883B1D /* Release */,
			);
			defaultConfigurationIsVisible = 0;
			defaultConfigurationName = Release;
		};
/* End XCConfigurationList section */
	};
	rootObject = 34F1F1352978AA7400883B1D /* Project object */;
}
